
Microsoft Visual Studio Solution File, Format Version 12.00
# Visual Studio Version 17
VisualStudioVersion = 17.8.34330.188
MinimumVisualStudioVersion = 10.0.40219.1
Project("{9A19103F-16F7-4668-BE54-9A1E7A4F7556}") = "ChallengeApp", "ChallengeApp\ChallengeApp.csproj", "{83CC926B-F6E8-4EC6-A173-29DB83A9070D}"
EndProject
Project("{FAE04EC0-301F-11D3-BF4B-00C04F79EFBC}") = "ChallengeApp.Tests", "ChallengeApp.Tests\ChallengeApp.Tests.csproj", "{D36BA584-F4A3-40C6-99F1-90643373C23A}"
EndProject
Global
	GlobalSection(SolutionConfigurationPlatforms) = preSolution
		Debug|Any CPU = Debug|Any CPU
		Release|Any CPU = Release|Any CPU
	EndGlobalSection
	GlobalSection(ProjectConfigurationPlatforms) = postSolution
		{83CC926B-F6E8-4EC6-A173-29DB83A9070D}.Debug|Any CPU.ActiveCfg = Debug|Any CPU
		{83CC926B-F6E8-4EC6-A173-29DB83A9070D}.Debug|Any CPU.Build.0 = Debug|Any CPU
		{83CC926B-F6E8-4EC6-A173-29DB83A9070D}.Release|Any CPU.ActiveCfg = Release|Any CPU
		{83CC926B-F6E8-4EC6-A173-29DB83A9070D}.Release|Any CPU.Build.0 = Release|Any CPU
		{D36BA584-F4A3-40C6-99F1-90643373C23A}.Debug|Any CPU.ActiveCfg = Debug|Any CPU
		{D36BA584-F4A3-40C6-99F1-90643373C23A}.Debug|Any CPU.Build.0 = Debug|Any CPU
		{D36BA584-F4A3-40C6-99F1-90643373C23A}.Release|Any CPU.ActiveCfg = Release|Any CPU
		{D36BA584-F4A3-40C6-99F1-90643373C23A}.Release|Any CPU.Build.0 = Release|Any CPU
	EndGlobalSection
	GlobalSection(SolutionProperties) = preSolution
		HideSolutionNode = FALSE
	EndGlobalSection
	GlobalSection(ExtensibilityGlobals) = postSolution
		SolutionGuid = {3AFB2F82-C244-4F19-9DB5-F658E47B7119}
	EndGlobalSection
EndGlobal
